
Microsoft Visual Studio Solution File, Format Version 12.00
# Visual Studio Version 16
VisualStudioVersion = 16.0.30621.155
MinimumVisualStudioVersion = 10.0.40219.1
Project("{9A19103F-16F7-4668-BE54-9A1E7A4F7556}") = "Audio2GBASappy", "Audio2GBASappy\Audio2GBASappy.csproj", "{1892F9AA-DE3D-4DA0-9194-2AEA4F59F858}"
EndProject
Global
	GlobalSection(SolutionConfigurationPlatforms) = preSolution
		Debug|Any CPU = Debug|Any CPU
		Release|Any CPU = Release|Any CPU
	EndGlobalSection
	GlobalSection(ProjectConfigurationPlatforms) = postSolution
		{1892F9AA-DE3D-4DA0-9194-2AEA4F59F858}.Debug|Any CPU.ActiveCfg = Debug|Any CPU
		{1892F9AA-DE3D-4DA0-9194-2AEA4F59F858}.Debug|Any CPU.Build.0 = Debug|Any CPU
		{1892F9AA-DE3D-4DA0-9194-2AEA4F59F858}.Release|Any CPU.ActiveCfg = Release|Any CPU
		{1892F9AA-DE3D-4DA0-9194-2AEA4F59F858}.Release|Any CPU.Build.0 = Release|Any CPU
	EndGlobalSection
	GlobalSection(SolutionProperties) = preSolution
		HideSolutionNode = FALSE
	EndGlobalSection
	GlobalSection(ExtensibilityGlobals) = postSolution
		SolutionGuid = {CCFA0E38-AA38-4A8B-B46C-A7C22F156633}
	EndGlobalSection
EndGlobal
